// !$*UTF8*$!
{
	archiveVersion = 1;
	classes = {
	};
	objectVersion = 50;
	objects = {

/* Begin PBXBuildFile section */
		5780DE93221D7C0300A10CD1 /* AppDelegate.swift in Sources */ = {isa = PBXBuildFile; fileRef = 5780DE92221D7C0300A10CD1 /* AppDelegate.swift */; };
		5780DE95221D7C0300A10CD1 /* ViewController.swift in Sources */ = {isa = PBXBuildFile; fileRef = 5780DE94221D7C0300A10CD1 /* ViewController.swift */; };
		5780DE98221D7C0300A10CD1 /* Main.storyboard in Resources */ = {isa = PBXBuildFile; fileRef = 5780DE96221D7C0300A10CD1 /* Main.storyboard */; };
		5780DE9B221D7C0300A10CD1 /* Test_Cenco.xcdatamodeld in Sources */ = {isa = PBXBuildFile; fileRef = 5780DE99221D7C0300A10CD1 /* Test_Cenco.xcdatamodeld */; };
		5780DE9D221D7C0700A10CD1 /* Assets.xcassets in Resources */ = {isa = PBXBuildFile; fileRef = 5780DE9C221D7C0700A10CD1 /* Assets.xcassets */; };
		5780DEA0221D7C0700A10CD1 /* LaunchScreen.storyboard in Resources */ = {isa = PBXBuildFile; fileRef = 5780DE9E221D7C0700A10CD1 /* LaunchScreen.storyboard */; };
		5780DEAB221D7C0800A10CD1 /* Test_CencoTests.swift in Sources */ = {isa = PBXBuildFile; fileRef = 5780DEAA221D7C0800A10CD1 /* Test_CencoTests.swift */; };
		5780DEB6221D7C0800A10CD1 /* Test_CencoUITests.swift in Sources */ = {isa = PBXBuildFile; fileRef = 5780DEB5221D7C0800A10CD1 /* Test_CencoUITests.swift */; };
		5780DEC4221D828D00A10CD1 /* TableViewCell.swift in Sources */ = {isa = PBXBuildFile; fileRef = 5780DEC3221D828D00A10CD1 /* TableViewCell.swift */; };
		5780DEC6221D848000A10CD1 /* ViewControllerRates.swift in Sources */ = {isa = PBXBuildFile; fileRef = 5780DEC5221D848000A10CD1 /* ViewControllerRates.swift */; };
		5780DECA221D876E00A10CD1 /* Movies.swift in Sources */ = {isa = PBXBuildFile; fileRef = 5780DEC9221D876E00A10CD1 /* Movies.swift */; };
		5780DECC221D924200A10CD1 /* Results.swift in Sources */ = {isa = PBXBuildFile; fileRef = 5780DECB221D924200A10CD1 /* Results.swift */; };
		5780DECE221E53F900A10CD1 /* TableViewCellRates.swift in Sources */ = {isa = PBXBuildFile; fileRef = 5780DECD221E53F900A10CD1 /* TableViewCellRates.swift */; };
		5780DED0221EEDBB00A10CD1 /* ResultRates.swift in Sources */ = {isa = PBXBuildFile; fileRef = 5780DECF221EEDBB00A10CD1 /* ResultRates.swift */; };
		5780DED5221F958300A10CD1 /* VCDetailsPopular.swift in Sources */ = {isa = PBXBuildFile; fileRef = 5780DED4221F958300A10CD1 /* VCDetailsPopular.swift */; };
		5780DED72220372500A10CD1 /* VCDetailsTopRates.swift in Sources */ = {isa = PBXBuildFile; fileRef = 5780DED62220372500A10CD1 /* VCDetailsTopRates.swift */; };
		5780DEDC2220471300A10CD1 /* ViewControllerTabBar.swift in Sources */ = {isa = PBXBuildFile; fileRef = 5780DEDB2220471300A10CD1 /* ViewControllerTabBar.swift */; };
/* End PBXBuildFile section */

/* Begin PBXContainerItemProxy section */
		5780DEA7221D7C0800A10CD1 /* PBXContainerItemProxy */ = {
			isa = PBXContainerItemProxy;
			containerPortal = 5780DE87221D7C0300A10CD1 /* Project object */;
			proxyType = 1;
			remoteGlobalIDString = 5780DE8E221D7C0300A10CD1;
			remoteInfo = "Test-Cenco";
		};
		5780DEB2221D7C0800A10CD1 /* PBXContainerItemProxy */ = {
			isa = PBXContainerItemProxy;
			containerPortal = 5780DE87221D7C0300A10CD1 /* Project object */;
			proxyType = 1;
			remoteGlobalIDString = 5780DE8E221D7C0300A10CD1;
			remoteInfo = "Test-Cenco";
		};
/* End PBXContainerItemProxy section */

/* Begin PBXFileReference section */
		5780DE8F221D7C0300A10CD1 /* Test-Cenco.app */ = {isa = PBXFileReference; explicitFileType = wrapper.application; includeInIndex = 0; path = "Test-Cenco.app"; sourceTree = BUILT_PRODUCTS_DIR; };
		5780DE92221D7C0300A10CD1 /* AppDelegate.swift */ = {isa = PBXFileReference; lastKnownFileType = sourcecode.swift; path = AppDelegate.swift; sourceTree = "<group>"; };
		5780DE94221D7C0300A10CD1 /* ViewController.swift */ = {isa = PBXFileReference; lastKnownFileType = sourcecode.swift; path = ViewController.swift; sourceTree = "<group>"; };
		5780DE97221D7C0300A10CD1 /* Base */ = {isa = PBXFileReference; lastKnownFileType = file.storyboard; name = Base; path = Base.lproj/Main.storyboard; sourceTree = "<group>"; };
		5780DE9A221D7C0300A10CD1 /* Test_Cenco.xcdatamodel */ = {isa = PBXFileReference; lastKnownFileType = wrapper.xcdatamodel; path = Test_Cenco.xcdatamodel; sourceTree = "<group>"; };
		5780DE9C221D7C0700A10CD1 /* Assets.xcassets */ = {isa = PBXFileReference; lastKnownFileType = folder.assetcatalog; path = Assets.xcassets; sourceTree = "<group>"; };
		5780DE9F221D7C0700A10CD1 /* Base */ = {isa = PBXFileReference; lastKnownFileType = file.storyboard; name = Base; path = Base.lproj/LaunchScreen.storyboard; sourceTree = "<group>"; };
		5780DEA1221D7C0700A10CD1 /* Info.plist */ = {isa = PBXFileReference; lastKnownFileType = text.plist.xml; path = Info.plist; sourceTree = "<group>"; };
		5780DEA6221D7C0800A10CD1 /* Test-CencoTests.xctest */ = {isa = PBXFileReference; explicitFileType = wrapper.cfbundle; includeInIndex = 0; path = "Test-CencoTests.xctest"; sourceTree = BUILT_PRODUCTS_DIR; };
		5780DEAA221D7C0800A10CD1 /* Test_CencoTests.swift */ = {isa = PBXFileReference; lastKnownFileType = sourcecode.swift; path = Test_CencoTests.swift; sourceTree = "<group>"; };
		5780DEAC221D7C0800A10CD1 /* Info.plist */ = {isa = PBXFileReference; lastKnownFileType = text.plist.xml; path = Info.plist; sourceTree = "<group>"; };
		5780DEB1221D7C0800A10CD1 /* Test-CencoUITests.xctest */ = {isa = PBXFileReference; explicitFileType = wrapper.cfbundle; includeInIndex = 0; path = "Test-CencoUITests.xctest"; sourceTree = BUILT_PRODUCTS_DIR; };
		5780DEB5221D7C0800A10CD1 /* Test_CencoUITests.swift */ = {isa = PBXFileReference; lastKnownFileType = sourcecode.swift; path = Test_CencoUITests.swift; sourceTree = "<group>"; };
		5780DEB7221D7C0800A10CD1 /* Info.plist */ = {isa = PBXFileReference; lastKnownFileType = text.plist.xml; path = Info.plist; sourceTree = "<group>"; };
		5780DEC3221D828D00A10CD1 /* TableViewCell.swift */ = {isa = PBXFileReference; lastKnownFileType = sourcecode.swift; path = TableViewCell.swift; sourceTree = "<group>"; };
		5780DEC5221D848000A10CD1 /* ViewControllerRates.swift */ = {isa = PBXFileReference; lastKnownFileType = sourcecode.swift; path = ViewControllerRates.swift; sourceTree = "<group>"; };
		5780DEC9221D876E00A10CD1 /* Movies.swift */ = {isa = PBXFileReference; lastKnownFileType = sourcecode.swift; path = Movies.swift; sourceTree = "<group>"; };
		5780DECB221D924200A10CD1 /* Results.swift */ = {isa = PBXFileReference; lastKnownFileType = sourcecode.swift; path = Results.swift; sourceTree = "<group>"; };
		5780DECD221E53F900A10CD1 /* TableViewCellRates.swift */ = {isa = PBXFileReference; lastKnownFileType = sourcecode.swift; path = TableViewCellRates.swift; sourceTree = "<group>"; };
		5780DECF221EEDBB00A10CD1 /* ResultRates.swift */ = {isa = PBXFileReference; lastKnownFileType = sourcecode.swift; path = ResultRates.swift; sourceTree = "<group>"; };
		5780DED4221F958300A10CD1 /* VCDetailsPopular.swift */ = {isa = PBXFileReference; lastKnownFileType = sourcecode.swift; path = VCDetailsPopular.swift; sourceTree = "<group>"; };
		5780DED62220372500A10CD1 /* VCDetailsTopRates.swift */ = {isa = PBXFileReference; lastKnownFileType = sourcecode.swift; path = VCDetailsTopRates.swift; sourceTree = "<group>"; };
		5780DEDB2220471300A10CD1 /* ViewControllerTabBar.swift */ = {isa = PBXFileReference; lastKnownFileType = sourcecode.swift; path = ViewControllerTabBar.swift; sourceTree = "<group>"; };
/* End PBXFileReference section */

/* Begin PBXFrameworksBuildPhase section */
		5780DE8C221D7C0300A10CD1 /* Frameworks */ = {
			isa = PBXFrameworksBuildPhase;
			buildActionMask = 2147483647;
			files = (
			);
			runOnlyForDeploymentPostprocessing = 0;
		};
		5780DEA3221D7C0800A10CD1 /* Frameworks */ = {
			isa = PBXFrameworksBuildPhase;
			buildActionMask = 2147483647;
			files = (
			);
			runOnlyForDeploymentPostprocessing = 0;
		};
		5780DEAE221D7C0800A10CD1 /* Frameworks */ = {
			isa = PBXFrameworksBuildPhase;
			buildActionMask = 2147483647;
			files = (
			);
			runOnlyForDeploymentPostprocessing = 0;
		};
/* End PBXFrameworksBuildPhase section */

/* Begin PBXGroup section */
		5780DE86221D7C0300A10CD1 = {
			isa = PBXGroup;
			children = (
				5780DE91221D7C0300A10CD1 /* Test-Cenco */,
				5780DEA9221D7C0800A10CD1 /* Test-CencoTests */,
				5780DEB4221D7C0800A10CD1 /* Test-CencoUITests */,
				5780DE90221D7C0300A10CD1 /* Products */,
			);
			sourceTree = "<group>";
		};
		5780DE90221D7C0300A10CD1 /* Products */ = {
			isa = PBXGroup;
			children = (
				5780DE8F221D7C0300A10CD1 /* Test-Cenco.app */,
				5780DEA6221D7C0800A10CD1 /* Test-CencoTests.xctest */,
				5780DEB1221D7C0800A10CD1 /* Test-CencoUITests.xctest */,
			);
			name = Products;
			sourceTree = "<group>";
		};
		5780DE91221D7C0300A10CD1 /* Test-Cenco */ = {
			isa = PBXGroup;
			children = (
				5780DEC8221D84D300A10CD1 /* Model */,
				5780DEC7221D84AA00A10CD1 /* ViewControllers */,
				5780DE92221D7C0300A10CD1 /* AppDelegate.swift */,
				5780DE96221D7C0300A10CD1 /* Main.storyboard */,
				5780DE9C221D7C0700A10CD1 /* Assets.xcassets */,
				5780DE9E221D7C0700A10CD1 /* LaunchScreen.storyboard */,
				5780DEA1221D7C0700A10CD1 /* Info.plist */,
				5780DE99221D7C0300A10CD1 /* Test_Cenco.xcdatamodeld */,
			);
			path = "Test-Cenco";
			sourceTree = "<group>";
		};
		5780DEA9221D7C0800A10CD1 /* Test-CencoTests */ = {
			isa = PBXGroup;
			children = (
				5780DEAA221D7C0800A10CD1 /* Test_CencoTests.swift */,
				5780DEAC221D7C0800A10CD1 /* Info.plist */,
			);
			path = "Test-CencoTests";
			sourceTree = "<group>";
		};
		5780DEB4221D7C0800A10CD1 /* Test-CencoUITests */ = {
			isa = PBXGroup;
			children = (
				5780DEB5221D7C0800A10CD1 /* Test_CencoUITests.swift */,
				5780DEB7221D7C0800A10CD1 /* Info.plist */,
			);
			path = "Test-CencoUITests";
			sourceTree = "<group>";
		};
		5780DEC7221D84AA00A10CD1 /* ViewControllers */ = {
			isa = PBXGroup;
			children = (
				5780DED822203AE300A10CD1 /* ViewControlDetails */,
				5780DED3221F8CC900A10CD1 /* TableViews */,
				5780DE94221D7C0300A10CD1 /* ViewController.swift */,
				5780DEC5221D848000A10CD1 /* ViewControllerRates.swift */,
				5780DEDB2220471300A10CD1 /* ViewControllerTabBar.swift */,
			);
			path = ViewControllers;
			sourceTree = "<group>";
		};
		5780DEC8221D84D300A10CD1 /* Model */ = {
			isa = PBXGroup;
			children = (
				5780DEC9221D876E00A10CD1 /* Movies.swift */,
				5780DECB221D924200A10CD1 /* Results.swift */,
				5780DECF221EEDBB00A10CD1 /* ResultRates.swift */,
			);
			path = Model;
			sourceTree = "<group>";
		};
		5780DED3221F8CC900A10CD1 /* TableViews */ = {
			isa = PBXGroup;
			children = (
				5780DEC3221D828D00A10CD1 /* TableViewCell.swift */,
				5780DECD221E53F900A10CD1 /* TableViewCellRates.swift */,
			);
			path = TableViews;
			sourceTree = "<group>";
		};
		5780DED822203AE300A10CD1 /* ViewControlDetails */ = {
			isa = PBXGroup;
			children = (
				5780DED4221F958300A10CD1 /* VCDetailsPopular.swift */,
				5780DED62220372500A10CD1 /* VCDetailsTopRates.swift */,
			);
			path = ViewControlDetails;
			sourceTree = "<group>";
		};
/* End PBXGroup section */

/* Begin PBXNativeTarget section */
		5780DE8E221D7C0300A10CD1 /* Test-Cenco */ = {
			isa = PBXNativeTarget;
			buildConfigurationList = 5780DEBA221D7C0800A10CD1 /* Build configuration list for PBXNativeTarget "Test-Cenco" */;
			buildPhases = (
				5780DE8B221D7C0300A10CD1 /* Sources */,
				5780DE8C221D7C0300A10CD1 /* Frameworks */,
				5780DE8D221D7C0300A10CD1 /* Resources */,
			);
			buildRules = (
			);
			dependencies = (
			);
			name = "Test-Cenco";
			productName = "Test-Cenco";
			productReference = 5780DE8F221D7C0300A10CD1 /* Test-Cenco.app */;
			productType = "com.apple.product-type.application";
		};
		5780DEA5221D7C0800A10CD1 /* Test-CencoTests */ = {
			isa = PBXNativeTarget;
			buildConfigurationList = 5780DEBD221D7C0800A10CD1 /* Build configuration list for PBXNativeTarget "Test-CencoTests" */;
			buildPhases = (
				5780DEA2221D7C0800A10CD1 /* Sources */,
				5780DEA3221D7C0800A10CD1 /* Frameworks */,
				5780DEA4221D7C0800A10CD1 /* Resources */,
			);
			buildRules = (
			);
			dependencies = (
				5780DEA8221D7C0800A10CD1 /* PBXTargetDependency */,
			);
			name = "Test-CencoTests";
			productName = "Test-CencoTests";
			productReference = 5780DEA6221D7C0800A10CD1 /* Test-CencoTests.xctest */;
			productType = "com.apple.product-type.bundle.unit-test";
		};
		5780DEB0221D7C0800A10CD1 /* Test-CencoUITests */ = {
			isa = PBXNativeTarget;
			buildConfigurationList = 5780DEC0221D7C0800A10CD1 /* Build configuration list for PBXNativeTarget "Test-CencoUITests" */;
			buildPhases = (
				5780DEAD221D7C0800A10CD1 /* Sources */,
				5780DEAE221D7C0800A10CD1 /* Frameworks */,
				5780DEAF221D7C0800A10CD1 /* Resources */,
			);
			buildRules = (
			);
			dependencies = (
				5780DEB3221D7C0800A10CD1 /* PBXTargetDependency */,
			);
			name = "Test-CencoUITests";
			productName = "Test-CencoUITests";
			productReference = 5780DEB1221D7C0800A10CD1 /* Test-CencoUITests.xctest */;
			productType = "com.apple.product-type.bundle.ui-testing";
		};
/* End PBXNativeTarget section */

/* Begin PBXProject section */
		5780DE87221D7C0300A10CD1 /* Project object */ = {
			isa = PBXProject;
			attributes = {
				LastSwiftUpdateCheck = 0940;
				LastUpgradeCheck = 0940;
				ORGANIZATIONNAME = "Jose David Bustos H";
				TargetAttributes = {
					5780DE8E221D7C0300A10CD1 = {
						CreatedOnToolsVersion = 9.4.1;
					};
					5780DEA5221D7C0800A10CD1 = {
						CreatedOnToolsVersion = 9.4.1;
						TestTargetID = 5780DE8E221D7C0300A10CD1;
					};
					5780DEB0221D7C0800A10CD1 = {
						CreatedOnToolsVersion = 9.4.1;
						TestTargetID = 5780DE8E221D7C0300A10CD1;
					};
				};
			};
			buildConfigurationList = 5780DE8A221D7C0300A10CD1 /* Build configuration list for PBXProject "Test-Cenco" */;
			compatibilityVersion = "Xcode 9.3";
			developmentRegion = en;
			hasScannedForEncodings = 0;
			knownRegions = (
				en,
				Base,
			);
			mainGroup = 5780DE86221D7C0300A10CD1;
			productRefGroup = 5780DE90221D7C0300A10CD1 /* Products */;
			projectDirPath = "";
			projectRoot = "";
			targets = (
				5780DE8E221D7C0300A10CD1 /* Test-Cenco */,
				5780DEA5221D7C0800A10CD1 /* Test-CencoTests */,
				5780DEB0221D7C0800A10CD1 /* Test-CencoUITests */,
			);
		};
/* End PBXProject section */

/* Begin PBXResourcesBuildPhase section */
		5780DE8D221D7C0300A10CD1 /* Resources */ = {
			isa = PBXResourcesBuildPhase;
			buildActionMask = 2147483647;
			files = (
				5780DEA0221D7C0700A10CD1 /* LaunchScreen.storyboard in Resources */,
				5780DE9D221D7C0700A10CD1 /* Assets.xcassets in Resources */,
				5780DE98221D7C0300A10CD1 /* Main.storyboard in Resources */,
			);
			runOnlyForDeploymentPostprocessing = 0;
		};
		5780DEA4221D7C0800A10CD1 /* Resources */ = {
			isa = PBXResourcesBuildPhase;
			buildActionMask = 2147483647;
			files = (
			);
			runOnlyForDeploymentPostprocessing = 0;
		};
		5780DEAF221D7C0800A10CD1 /* Resources */ = {
			isa = PBXResourcesBuildPhase;
			buildActionMask = 2147483647;
			files = (
			);
			runOnlyForDeploymentPostprocessing = 0;
		};
/* End PBXResourcesBuildPhase section */

/* Begin PBXSourcesBuildPhase section */
		5780DE8B221D7C0300A10CD1 /* Sources */ = {
			isa = PBXSourcesBuildPhase;
			buildActionMask = 2147483647;
			files = (
				5780DEDC2220471300A10CD1 /* ViewControllerTabBar.swift in Sources */,
				5780DE95221D7C0300A10CD1 /* ViewController.swift in Sources */,
				5780DEC4221D828D00A10CD1 /* TableViewCell.swift in Sources */,
				5780DED72220372500A10CD1 /* VCDetailsTopRates.swift in Sources */,
				5780DECA221D876E00A10CD1 /* Movies.swift in Sources */,
				5780DED5221F958300A10CD1 /* VCDetailsPopular.swift in Sources */,
				5780DECC221D924200A10CD1 /* Results.swift in Sources */,
				5780DE93221D7C0300A10CD1 /* AppDelegate.swift in Sources */,
				5780DECE221E53F900A10CD1 /* TableViewCellRates.swift in Sources */,
				5780DED0221EEDBB00A10CD1 /* ResultRates.swift in Sources */,
				5780DE9B221D7C0300A10CD1 /* Test_Cenco.xcdatamodeld in Sources */,
				5780DEC6221D848000A10CD1 /* ViewControllerRates.swift in Sources */,
			);
			runOnlyForDeploymentPostprocessing = 0;
		};
		5780DEA2221D7C0800A10CD1 /* Sources */ = {
			isa = PBXSourcesBuildPhase;
			buildActionMask = 2147483647;
			files = (
				5780DEAB221D7C0800A10CD1 /* Test_CencoTests.swift in Sources */,
			);
			runOnlyForDeploymentPostprocessing = 0;
		};
		5780DEAD221D7C0800A10CD1 /* Sources */ = {
			isa = PBXSourcesBuildPhase;
			buildActionMask = 2147483647;
			files = (
				5780DEB6221D7C0800A10CD1 /* Test_CencoUITests.swift in Sources */,
			);
			runOnlyForDeploymentPostprocessing = 0;
		};
/* End PBXSourcesBuildPhase section */

/* Begin PBXTargetDependency section */
		5780DEA8221D7C0800A10CD1 /* PBXTargetDependency */ = {
			isa = PBXTargetDependency;
			target = 5780DE8E221D7C0300A10CD1 /* Test-Cenco */;
			targetProxy = 5780DEA7221D7C0800A10CD1 /* PBXContainerItemProxy */;
		};
		5780DEB3221D7C0800A10CD1 /* PBXTargetDependency */ = {
			isa = PBXTargetDependency;
			target = 5780DE8E221D7C0300A10CD1 /* Test-Cenco */;
			targetProxy = 5780DEB2221D7C0800A10CD1 /* PBXContainerItemProxy */;
		};
/* End PBXTargetDependency section */

/* Begin PBXVariantGroup section */
		5780DE96221D7C0300A10CD1 /* Main.storyboard */ = {
			isa = PBXVariantGroup;
			children = (
				5780DE97221D7C0300A10CD1 /* Base */,
			);
			name = Main.storyboard;
			sourceTree = "<group>";
		};
		5780DE9E221D7C0700A10CD1 /* LaunchScreen.storyboard */ = {
			isa = PBXVariantGroup;
			children = (
				5780DE9F221D7C0700A10CD1 /* Base */,
			);
			name = LaunchScreen.storyboard;
			sourceTree = "<group>";
		};
/* End PBXVariantGroup section */

/* Begin XCBuildConfiguration section */
		5780DEB8221D7C0800A10CD1 /* Debug */ = {
			isa = XCBuildConfiguration;
			buildSettings = {
				ALWAYS_SEARCH_USER_PATHS = NO;
				CLANG_ANALYZER_NONNULL = YES;
				CLANG_ANALYZER_NUMBER_OBJECT_CONVERSION = YES_AGGRESSIVE;
				CLANG_CXX_LANGUAGE_STANDARD = "gnu++14";
				CLANG_CXX_LIBRARY = "libc++";
				CLANG_ENABLE_MODULES = YES;
				CLANG_ENABLE_OBJC_ARC = YES;
				CLANG_ENABLE_OBJC_WEAK = YES;
				CLANG_WARN_BLOCK_CAPTURE_AUTORELEASING = YES;
				CLANG_WARN_BOOL_CONVERSION = YES;
				CLANG_WARN_COMMA = YES;
				CLANG_WARN_CONSTANT_CONVERSION = YES;
				CLANG_WARN_DEPRECATED_OBJC_IMPLEMENTATIONS = YES;
				CLANG_WARN_DIRECT_OBJC_ISA_USAGE = YES_ERROR;
				CLANG_WARN_DOCUMENTATION_COMMENTS = YES;
				CLANG_WARN_EMPTY_BODY = YES;
				CLANG_WARN_ENUM_CONVERSION = YES;
				CLANG_WARN_INFINITE_RECURSION = YES;
				CLANG_WARN_INT_CONVERSION = YES;
				CLANG_WARN_NON_LITERAL_NULL_CONVERSION = YES;
				CLANG_WARN_OBJC_IMPLICIT_RETAIN_SELF = YES;
				CLANG_WARN_OBJC_LITERAL_CONVERSION = YES;
				CLANG_WARN_OBJC_ROOT_CLASS = YES_ERROR;
				CLANG_WARN_RANGE_LOOP_ANALYSIS = YES;
				CLANG_WARN_STRICT_PROTOTYPES = YES;
				CLANG_WARN_SUSPICIOUS_MOVE = YES;
				CLANG_WARN_UNGUARDED_AVAILABILITY = YES_AGGRESSIVE;
				CLANG_WARN_UNREACHABLE_CODE = YES;
				CLANG_WARN__DUPLICATE_METHOD_MATCH = YES;
				CODE_SIGN_IDENTITY = "iPhone Developer";
				COPY_PHASE_STRIP = NO;
				DEBUG_INFORMATION_FORMAT = dwarf;
				ENABLE_STRICT_OBJC_MSGSEND = YES;
				ENABLE_TESTABILITY = YES;
				GCC_C_LANGUAGE_STANDARD = gnu11;
				GCC_DYNAMIC_NO_PIC = NO;
				GCC_NO_COMMON_BLOCKS = YES;
				GCC_OPTIMIZATION_LEVEL = 0;
				GCC_PREPROCESSOR_DEFINITIONS = (
					"DEBUG=1",
					"$(inherited)",
				);
				GCC_WARN_64_TO_32_BIT_CONVERSION = YES;
				GCC_WARN_ABOUT_RETURN_TYPE = YES_ERROR;
				GCC_WARN_UNDECLARED_SELECTOR = YES;
				GCC_WARN_UNINITIALIZED_AUTOS = YES_AGGRESSIVE;
				GCC_WARN_UNUSED_FUNCTION = YES;
				GCC_WARN_UNUSED_VARIABLE = YES;
				IPHONEOS_DEPLOYMENT_TARGET = 11.4;
				MTL_ENABLE_DEBUG_INFO = YES;
				ONLY_ACTIVE_ARCH = YES;
				SDKROOT = iphoneos;
				SWIFT_ACTIVE_COMPILATION_CONDITIONS = DEBUG;
				SWIFT_OPTIMIZATION_LEVEL = "-Onone";
			};
			name = Debug;
		};
		5780DEB9221D7C0800A10CD1 /* Release */ = {
			isa = XCBuildConfiguration;
			buildSettings = {
				ALWAYS_SEARCH_USER_PATHS = NO;
				CLANG_ANALYZER_NONNULL = YES;
				CLANG_ANALYZER_NUMBER_OBJECT_CONVERSION = YES_AGGRESSIVE;
				CLANG_CXX_LANGUAGE_STANDARD = "gnu++14";
				CLANG_CXX_LIBRARY = "libc++";
				CLANG_ENABLE_MODULES = YES;
				CLANG_ENABLE_OBJC_ARC = YES;
				CLANG_ENABLE_OBJC_WEAK = YES;
				CLANG_WARN_BLOCK_CAPTURE_AUTORELEASING = YES;
				CLANG_WARN_BOOL_CONVERSION = YES;
				CLANG_WARN_COMMA = YES;
				CLANG_WARN_CONSTANT_CONVERSION = YES;
				CLANG_WARN_DEPRECATED_OBJC_IMPLEMENTATIONS = YES;
				CLANG_WARN_DIRECT_OBJC_ISA_USAGE = YES_ERROR;
				CLANG_WARN_DOCUMENTATION_COMMENTS = YES;
				CLANG_WARN_EMPTY_BODY = YES;
				CLANG_WARN_ENUM_CONVERSION = YES;
				CLANG_WARN_INFINITE_RECURSION = YES;
				CLANG_WARN_INT_CONVERSION = YES;
				CLANG_WARN_NON_LITERAL_NULL_CONVERSION = YES;
				CLANG_WARN_OBJC_IMPLICIT_RETAIN_SELF = YES;
				CLANG_WARN_OBJC_LITERAL_CONVERSION = YES;
				CLANG_WARN_OBJC_ROOT_CLASS = YES_ERROR;
				CLANG_WARN_RANGE_LOOP_ANALYSIS = YES;
				CLANG_WARN_STRICT_PROTOTYPES = YES;
				CLANG_WARN_SUSPICIOUS_MOVE = YES;
				CLANG_WARN_UNGUARDED_AVAILABILITY = YES_AGGRESSIVE;
				CLANG_WARN_UNREACHABLE_CODE = YES;
				CLANG_WARN__DUPLICATE_METHOD_MATCH = YES;
				CODE_SIGN_IDENTITY = "iPhone Developer";
				COPY_PHASE_STRIP = NO;
				DEBUG_INFORMATION_FORMAT = "dwarf-with-dsym";
				ENABLE_NS_ASSERTIONS = NO;
				ENABLE_STRICT_OBJC_MSGSEND = YES;
				GCC_C_LANGUAGE_STANDARD = gnu11;
				GCC_NO_COMMON_BLOCKS = YES;
				GCC_WARN_64_TO_32_BIT_CONVERSION = YES;
				GCC_WARN_ABOUT_RETURN_TYPE = YES_ERROR;
				GCC_WARN_UNDECLARED_SELECTOR = YES;
				GCC_WARN_UNINITIALIZED_AUTOS = YES_AGGRESSIVE;
				GCC_WARN_UNUSED_FUNCTION = YES;
				GCC_WARN_UNUSED_VARIABLE = YES;
				IPHONEOS_DEPLOYMENT_TARGET = 11.4;
				MTL_ENABLE_DEBUG_INFO = NO;
				SDKROOT = iphoneos;
				SWIFT_COMPILATION_MODE = wholemodule;
				SWIFT_OPTIMIZATION_LEVEL = "-O";
				VALIDATE_PRODUCT = YES;
			};
			name = Release;
		};
		5780DEBB221D7C0800A10CD1 /* Debug */ = {
			isa = XCBuildConfiguration;
			buildSettings = {
				ASSETCATALOG_COMPILER_APPICON_NAME = AppIcon;
				CODE_SIGN_STYLE = Automatic;
				DEVELOPMENT_TEAM = 828LF57WA4;
				INFOPLIST_FILE = "Test-Cenco/Info.plist";
				IPHONEOS_DEPLOYMENT_TARGET = 11.3;
				LD_RUNPATH_SEARCH_PATHS = (
					"$(inherited)",
					"@executable_path/Frameworks",
				);
				PRODUCT_BUNDLE_IDENTIFIER = "KorbekSA.Test-Cenco";
				PRODUCT_NAME = "$(TARGET_NAME)";
				SWIFT_VERSION = 4.0;
				TARGETED_DEVICE_FAMILY = 1;
			};
			name = Debug;
		};
		5780DEBC221D7C0800A10CD1 /* Release */ = {
			isa = XCBuildConfiguration;
			buildSettings = {
				ASSETCATALOG_COMPILER_APPICON_NAME = AppIcon;
				CODE_SIGN_STYLE = Automatic;
				DEVELOPMENT_TEAM = 828LF57WA4;
				INFOPLIST_FILE = "Test-Cenco/Info.plist";
				IPHONEOS_DEPLOYMENT_TARGET = 11.3;
				LD_RUNPATH_SEARCH_PATHS = (
					"$(inherited)",
					"@executable_path/Frameworks",
				);
				PRODUCT_BUNDLE_IDENTIFIER = "KorbekSA.Test-Cenco";
				PRODUCT_NAME = "$(TARGET_NAME)";
				SWIFT_VERSION = 4.0;
				TARGETED_DEVICE_FAMILY = 1;
			};
			name = Release;
		};
		5780DEBE221D7C0800A10CD1 /* Debug */ = {
			isa = XCBuildConfiguration;
			buildSettings = {
				ALWAYS_EMBED_SWIFT_STANDARD_LIBRARIES = YES;
				BUNDLE_LOADER = "$(TEST_HOST)";
				CODE_SIGN_STYLE = Automatic;
				DEVELOPMENT_TEAM = 828LF57WA4;
				INFOPLIST_FILE = "Test-CencoTests/Info.plist";
				LD_RUNPATH_SEARCH_PATHS = (
					"$(inherited)",
					"@executable_path/Frameworks",
					"@loader_path/Frameworks",
				);
				PRODUCT_BUNDLE_IDENTIFIER = "KorbekSA.Test-CencoTests";
				PRODUCT_NAME = "$(TARGET_NAME)";
				SWIFT_VERSION = 4.0;
				TARGETED_DEVICE_FAMILY = "1,2";
				TEST_HOST = "$(BUILT_PRODUCTS_DIR)/Test-Cenco.app/Test-Cenco";
			};
			name = Debug;
		};
		5780DEBF221D7C0800A10CD1 /* Release */ = {
			isa = XCBuildConfiguration;
			buildSettings = {
				ALWAYS_EMBED_SWIFT_STANDARD_LIBRARIES = YES;
				BUNDLE_LOADER = "$(TEST_HOST)";
				CODE_SIGN_STYLE = Automatic;
				DEVELOPMENT_TEAM = 828LF57WA4;
				INFOPLIST_FILE = "Test-CencoTests/Info.plist";
				LD_RUNPATH_SEARCH_PATHS = (
					"$(inherited)",
					"@executable_path/Frameworks",
					"@loader_path/Frameworks",
				);
				PRODUCT_BUNDLE_IDENTIFIER = "KorbekSA.Test-CencoTests";
				PRODUCT_NAME = "$(TARGET_NAME)";
				SWIFT_VERSION = 4.0;
				TARGETED_DEVICE_FAMILY = "1,2";
				TEST_HOST = "$(BUILT_PRODUCTS_DIR)/Test-Cenco.app/Test-Cenco";
			};
			name = Release;
		};
		5780DEC1221D7C0800A10CD1 /* Debug */ = {
			isa = XCBuildConfiguration;
			buildSettings = {
				ALWAYS_EMBED_SWIFT_STANDARD_LIBRARIES = YES;
				CODE_SIGN_STYLE = Automatic;
				DEVELOPMENT_TEAM = 828LF57WA4;
				INFOPLIST_FILE = "Test-CencoUITests/Info.plist";
				LD_RUNPATH_SEARCH_PATHS = (
					"$(inherited)",
					"@executable_path/Frameworks",
					"@loader_path/Frameworks",
				);
				PRODUCT_BUNDLE_IDENTIFIER = "KorbekSA.Test-CencoUITests";
				PRODUCT_NAME = "$(TARGET_NAME)";
				SWIFT_VERSION = 4.0;
				TARGETED_DEVICE_FAMILY = "1,2";
				TEST_TARGET_NAME = "Test-Cenco";
			};
			name = Debug;
		};
		5780DEC2221D7C0800A10CD1 /* Release */ = {
			isa = XCBuildConfiguration;
			buildSettings = {
				ALWAYS_EMBED_SWIFT_STANDARD_LIBRARIES = YES;
				CODE_SIGN_STYLE = Automatic;
				DEVELOPMENT_TEAM = 828LF57WA4;
				INFOPLIST_FILE = "Test-CencoUITests/Info.plist";
				LD_RUNPATH_SEARCH_PATHS = (
					"$(inherited)",
					"@executable_path/Frameworks",
					"@loader_path/Frameworks",
				);
				PRODUCT_BUNDLE_IDENTIFIER = "KorbekSA.Test-CencoUITests";
				PRODUCT_NAME = "$(TARGET_NAME)";
				SWIFT_VERSION = 4.0;
				TARGETED_DEVICE_FAMILY = "1,2";
				TEST_TARGET_NAME = "Test-Cenco";
			};
			name = Release;
		};
/* End XCBuildConfiguration section */

/* Begin XCConfigurationList section */
		5780DE8A221D7C0300A10CD1 /* Build configuration list for PBXProject "Test-Cenco" */ = {
			isa = XCConfigurationList;
			buildConfigurations = (
				5780DEB8221D7C0800A10CD1 /* Debug */,
				5780DEB9221D7C0800A10CD1 /* Release */,
			);
			defaultConfigurationIsVisible = 0;
			defaultConfigurationName = Release;
		};
		5780DEBA221D7C0800A10CD1 /* Build configuration list for PBXNativeTarget "Test-Cenco" */ = {
			isa = XCConfigurationList;
			buildConfigurations = (
				5780DEBB221D7C0800A10CD1 /* Debug */,
				5780DEBC221D7C0800A10CD1 /* Release */,
			);
			defaultConfigurationIsVisible = 0;
			defaultConfigurationName = Release;
		};
		5780DEBD221D7C0800A10CD1 /* Build configuration list for PBXNativeTarget "Test-CencoTests" */ = {
			isa = XCConfigurationList;
			buildConfigurations = (
				5780DEBE221D7C0800A10CD1 /* Debug */,
				5780DEBF221D7C0800A10CD1 /* Release */,
			);
			defaultConfigurationIsVisible = 0;
			defaultConfigurationName = Release;
		};
		5780DEC0221D7C0800A10CD1 /* Build configuration list for PBXNativeTarget "Test-CencoUITests" */ = {
			isa = XCConfigurationList;
			buildConfigurations = (
				5780DEC1221D7C0800A10CD1 /* Debug */,
				5780DEC2221D7C0800A10CD1 /* Release */,
			);
			defaultConfigurationIsVisible = 0;
			defaultConfigurationName = Release;
		};
/* End XCConfigurationList section */

/* Begin XCVersionGroup section */
		5780DE99221D7C0300A10CD1 /* Test_Cenco.xcdatamodeld */ = {
			isa = XCVersionGroup;
			children = (
				5780DE9A221D7C0300A10CD1 /* Test_Cenco.xcdatamodel */,
			);
			currentVersion = 5780DE9A221D7C0300A10CD1 /* Test_Cenco.xcdatamodel */;
			path = Test_Cenco.xcdatamodeld;
			sourceTree = "<group>";
			versionGroupType = wrapper.xcdatamodel;
		};
/* End XCVersionGroup section */
	};
	rootObject = 5780DE87221D7C0300A10CD1 /* Project object */;
}
